# This file is automatically @generated by Cargo.
# It is not intended for manual editing.
version = 4

[[package]]
name = "sadhana"
version = "1.0.0"
dependencies = [
 "sanskrit-text",
]

[[package]]
name = "sadhana-t1"
version = "1.0.0"
dependencies = [
 "sadhana",
 "sanskrit-text",
]

[[package]]
name = "sanskrit-text"
version = "1.0.0"

[[package]]
name = "yantra"
version = "0.0.1"
dependencies = [
 "sadhana",
]
