# This file is automatically @generated by Cargo.
# It is not intended for manual editing.
version = 4

[[package]]
name = "sadhana"
version = "0.3.0"
dependencies = [
 "sanskrit-text",
]

[[package]]
name = "sadhana-wasm"
version = "0.0.1"
dependencies = [
 "sadhana",
]

[[package]]
name = "sanskrit-text"
version = "0.3.0"
